// !$*UTF8*$!
{
	archiveVersion = 1;
	classes = {
	};
	objectVersion = 56;
	objects = {

/* Begin PBXBuildFile section */
		1905B6F129A9CB61004682FB /* RichTextField.docc in Sources */ = {isa = PBXBuildFile; fileRef = 1905B6F029A9CB61004682FB /* RichTextField.docc */; };
		1905B6F729A9CB61004682FB /* RichTextField.framework in Frameworks */ = {isa = PBXBuildFile; fileRef = 1905B6EC29A9CB61004682FB /* RichTextField.framework */; };
		1905B6FC29A9CB61004682FB /* RichTextFieldTests.swift in Sources */ = {isa = PBXBuildFile; fileRef = 1905B6FB29A9CB61004682FB /* RichTextFieldTests.swift */; };
		1905B6FD29A9CB61004682FB /* RichTextField.h in Headers */ = {isa = PBXBuildFile; fileRef = 1905B6EF29A9CB61004682FB /* RichTextField.h */; settings = {ATTRIBUTES = (Public, ); }; };
		1905B70D29A9CD57004682FB /* AppDelegate.swift in Sources */ = {isa = PBXBuildFile; fileRef = 1905B70C29A9CD57004682FB /* AppDelegate.swift */; };
		1905B70F29A9CD57004682FB /* SceneDelegate.swift in Sources */ = {isa = PBXBuildFile; fileRef = 1905B70E29A9CD57004682FB /* SceneDelegate.swift */; };
		1905B71129A9CD57004682FB /* ViewController.swift in Sources */ = {isa = PBXBuildFile; fileRef = 1905B71029A9CD57004682FB /* ViewController.swift */; };
		1905B71629A9CD58004682FB /* Assets.xcassets in Resources */ = {isa = PBXBuildFile; fileRef = 1905B71529A9CD58004682FB /* Assets.xcassets */; };
		1905B71929A9CD58004682FB /* LaunchScreen.storyboard in Resources */ = {isa = PBXBuildFile; fileRef = 1905B71729A9CD58004682FB /* LaunchScreen.storyboard */; };
		1905B71F29A9CF01004682FB /* RichTextField.framework in Frameworks */ = {isa = PBXBuildFile; fileRef = 1905B6EC29A9CB61004682FB /* RichTextField.framework */; };
		1905B72029A9CF01004682FB /* RichTextField.framework in Embed Frameworks */ = {isa = PBXBuildFile; fileRef = 1905B6EC29A9CB61004682FB /* RichTextField.framework */; settings = {ATTRIBUTES = (CodeSignOnCopy, RemoveHeadersOnCopy, ); }; };
		1905B72629A9CF81004682FB /* PasswordCheckerTextField.swift in Sources */ = {isa = PBXBuildFile; fileRef = 1905B72529A9CF81004682FB /* PasswordCheckerTextField.swift */; };
		1905B72929A9D168004682FB /* PasswordCheckerTextFieldPreviews.swift in Sources */ = {isa = PBXBuildFile; fileRef = 1905B72829A9D168004682FB /* PasswordCheckerTextFieldPreviews.swift */; };
/* End PBXBuildFile section */

/* Begin PBXContainerItemProxy section */
		1905B6F829A9CB61004682FB /* PBXContainerItemProxy */ = {
			isa = PBXContainerItemProxy;
			containerPortal = 1905B6E329A9CB61004682FB /* Project object */;
			proxyType = 1;
			remoteGlobalIDString = 1905B6EB29A9CB61004682FB;
			remoteInfo = RichTextField;
		};
		1905B72129A9CF01004682FB /* PBXContainerItemProxy */ = {
			isa = PBXContainerItemProxy;
			containerPortal = 1905B6E329A9CB61004682FB /* Project object */;
			proxyType = 1;
			remoteGlobalIDString = 1905B6EB29A9CB61004682FB;
			remoteInfo = RichTextField;
		};
/* End PBXContainerItemProxy section */

/* Begin PBXCopyFilesBuildPhase section */
		1905B72329A9CF01004682FB /* Embed Frameworks */ = {
			isa = PBXCopyFilesBuildPhase;
			buildActionMask = 2147483647;
			dstPath = "";
			dstSubfolderSpec = 10;
			files = (
				1905B72029A9CF01004682FB /* RichTextField.framework in Embed Frameworks */,
			);
			name = "Embed Frameworks";
			runOnlyForDeploymentPostprocessing = 0;
		};
/* End PBXCopyFilesBuildPhase section */

/* Begin PBXFileReference section */
		1905B6EC29A9CB61004682FB /* RichTextField.framework */ = {isa = PBXFileReference; explicitFileType = wrapper.framework; includeInIndex = 0; path = RichTextField.framework; sourceTree = BUILT_PRODUCTS_DIR; };
		1905B6EF29A9CB61004682FB /* RichTextField.h */ = {isa = PBXFileReference; lastKnownFileType = sourcecode.c.h; path = RichTextField.h; sourceTree = "<group>"; };
		1905B6F029A9CB61004682FB /* RichTextField.docc */ = {isa = PBXFileReference; lastKnownFileType = folder.documentationcatalog; path = RichTextField.docc; sourceTree = "<group>"; };
		1905B6F629A9CB61004682FB /* RichTextFieldTests.xctest */ = {isa = PBXFileReference; explicitFileType = wrapper.cfbundle; includeInIndex = 0; path = RichTextFieldTests.xctest; sourceTree = BUILT_PRODUCTS_DIR; };
		1905B6FB29A9CB61004682FB /* RichTextFieldTests.swift */ = {isa = PBXFileReference; lastKnownFileType = sourcecode.swift; path = RichTextFieldTests.swift; sourceTree = "<group>"; };
		1905B70A29A9CD57004682FB /* RichTextField-Sample.app */ = {isa = PBXFileReference; explicitFileType = wrapper.application; includeInIndex = 0; path = "RichTextField-Sample.app"; sourceTree = BUILT_PRODUCTS_DIR; };
		1905B70C29A9CD57004682FB /* AppDelegate.swift */ = {isa = PBXFileReference; lastKnownFileType = sourcecode.swift; path = AppDelegate.swift; sourceTree = "<group>"; };
		1905B70E29A9CD57004682FB /* SceneDelegate.swift */ = {isa = PBXFileReference; lastKnownFileType = sourcecode.swift; path = SceneDelegate.swift; sourceTree = "<group>"; };
		1905B71029A9CD57004682FB /* ViewController.swift */ = {isa = PBXFileReference; lastKnownFileType = sourcecode.swift; path = ViewController.swift; sourceTree = "<group>"; };
		1905B71529A9CD58004682FB /* Assets.xcassets */ = {isa = PBXFileReference; lastKnownFileType = folder.assetcatalog; path = Assets.xcassets; sourceTree = "<group>"; };
		1905B71829A9CD58004682FB /* Base */ = {isa = PBXFileReference; lastKnownFileType = file.storyboard; name = Base; path = Base.lproj/LaunchScreen.storyboard; sourceTree = "<group>"; };
		1905B71A29A9CD58004682FB /* Info.plist */ = {isa = PBXFileReference; lastKnownFileType = text.plist.xml; path = Info.plist; sourceTree = "<group>"; };
		1905B72529A9CF81004682FB /* PasswordCheckerTextField.swift */ = {isa = PBXFileReference; lastKnownFileType = sourcecode.swift; path = PasswordCheckerTextField.swift; sourceTree = "<group>"; };
		1905B72829A9D168004682FB /* PasswordCheckerTextFieldPreviews.swift */ = {isa = PBXFileReference; lastKnownFileType = sourcecode.swift; path = PasswordCheckerTextFieldPreviews.swift; sourceTree = "<group>"; };
/* End PBXFileReference section */

/* Begin PBXFrameworksBuildPhase section */
		1905B6E929A9CB61004682FB /* Frameworks */ = {
			isa = PBXFrameworksBuildPhase;
			buildActionMask = 2147483647;
			files = (
			);
			runOnlyForDeploymentPostprocessing = 0;
		};
		1905B6F329A9CB61004682FB /* Frameworks */ = {
			isa = PBXFrameworksBuildPhase;
			buildActionMask = 2147483647;
			files = (
				1905B6F729A9CB61004682FB /* RichTextField.framework in Frameworks */,
			);
			runOnlyForDeploymentPostprocessing = 0;
		};
		1905B70729A9CD57004682FB /* Frameworks */ = {
			isa = PBXFrameworksBuildPhase;
			buildActionMask = 2147483647;
			files = (
				1905B71F29A9CF01004682FB /* RichTextField.framework in Frameworks */,
			);
			runOnlyForDeploymentPostprocessing = 0;
		};
/* End PBXFrameworksBuildPhase section */

/* Begin PBXGroup section */
		1905B6E229A9CB61004682FB = {
			isa = PBXGroup;
			children = (
				1905B6EE29A9CB61004682FB /* RichTextField */,
				1905B6FA29A9CB61004682FB /* RichTextFieldTests */,
				1905B70B29A9CD57004682FB /* RichTextField-Sample */,
				1905B6ED29A9CB61004682FB /* Products */,
				1905B71E29A9CF01004682FB /* Frameworks */,
			);
			sourceTree = "<group>";
		};
		1905B6ED29A9CB61004682FB /* Products */ = {
			isa = PBXGroup;
			children = (
				1905B6EC29A9CB61004682FB /* RichTextField.framework */,
				1905B6F629A9CB61004682FB /* RichTextFieldTests.xctest */,
				1905B70A29A9CD57004682FB /* RichTextField-Sample.app */,
			);
			name = Products;
			sourceTree = "<group>";
		};
		1905B6EE29A9CB61004682FB /* RichTextField */ = {
			isa = PBXGroup;
			children = (
				1905B6EF29A9CB61004682FB /* RichTextField.h */,
				1905B6F029A9CB61004682FB /* RichTextField.docc */,
				1905B72429A9CF42004682FB /* TextFields */,
			);
			path = RichTextField;
			sourceTree = "<group>";
		};
		1905B6FA29A9CB61004682FB /* RichTextFieldTests */ = {
			isa = PBXGroup;
			children = (
				1905B6FB29A9CB61004682FB /* RichTextFieldTests.swift */,
			);
			path = RichTextFieldTests;
			sourceTree = "<group>";
		};
		1905B70B29A9CD57004682FB /* RichTextField-Sample */ = {
			isa = PBXGroup;
			children = (
				1905B70C29A9CD57004682FB /* AppDelegate.swift */,
				1905B70E29A9CD57004682FB /* SceneDelegate.swift */,
				1905B71029A9CD57004682FB /* ViewController.swift */,
				1905B71529A9CD58004682FB /* Assets.xcassets */,
				1905B71729A9CD58004682FB /* LaunchScreen.storyboard */,
				1905B71A29A9CD58004682FB /* Info.plist */,
			);
			path = "RichTextField-Sample";
			sourceTree = "<group>";
		};
		1905B71E29A9CF01004682FB /* Frameworks */ = {
			isa = PBXGroup;
			children = (
			);
			name = Frameworks;
			sourceTree = "<group>";
		};
		1905B72429A9CF42004682FB /* TextFields */ = {
			isa = PBXGroup;
			children = (
				1905B72729A9D136004682FB /* Previews */,
				1905B72529A9CF81004682FB /* PasswordCheckerTextField.swift */,
			);
			path = TextFields;
			sourceTree = "<group>";
		};
		1905B72729A9D136004682FB /* Previews */ = {
			isa = PBXGroup;
			children = (
				1905B72829A9D168004682FB /* PasswordCheckerTextFieldPreviews.swift */,
			);
			path = Previews;
			sourceTree = "<group>";
		};
/* End PBXGroup section */

/* Begin PBXHeadersBuildPhase section */
		1905B6E729A9CB61004682FB /* Headers */ = {
			isa = PBXHeadersBuildPhase;
			buildActionMask = 2147483647;
			files = (
				1905B6FD29A9CB61004682FB /* RichTextField.h in Headers */,
			);
			runOnlyForDeploymentPostprocessing = 0;
		};
/* End PBXHeadersBuildPhase section */

/* Begin PBXNativeTarget section */
		1905B6EB29A9CB61004682FB /* RichTextField */ = {
			isa = PBXNativeTarget;
			buildConfigurationList = 1905B70029A9CB61004682FB /* Build configuration list for PBXNativeTarget "RichTextField" */;
			buildPhases = (
				1905B6E729A9CB61004682FB /* Headers */,
				1905B6E829A9CB61004682FB /* Sources */,
				1905B6E929A9CB61004682FB /* Frameworks */,
				1905B6EA29A9CB61004682FB /* Resources */,
			);
			buildRules = (
			);
			dependencies = (
			);
			name = RichTextField;
			productName = RichTextField;
			productReference = 1905B6EC29A9CB61004682FB /* RichTextField.framework */;
			productType = "com.apple.product-type.framework";
		};
		1905B6F529A9CB61004682FB /* RichTextFieldTests */ = {
			isa = PBXNativeTarget;
			buildConfigurationList = 1905B70329A9CB61004682FB /* Build configuration list for PBXNativeTarget "RichTextFieldTests" */;
			buildPhases = (
				1905B6F229A9CB61004682FB /* Sources */,
				1905B6F329A9CB61004682FB /* Frameworks */,
				1905B6F429A9CB61004682FB /* Resources */,
			);
			buildRules = (
			);
			dependencies = (
				1905B6F929A9CB61004682FB /* PBXTargetDependency */,
			);
			name = RichTextFieldTests;
			productName = RichTextFieldTests;
			productReference = 1905B6F629A9CB61004682FB /* RichTextFieldTests.xctest */;
			productType = "com.apple.product-type.bundle.unit-test";
		};
		1905B70929A9CD57004682FB /* RichTextField-Sample */ = {
			isa = PBXNativeTarget;
			buildConfigurationList = 1905B71B29A9CD58004682FB /* Build configuration list for PBXNativeTarget "RichTextField-Sample" */;
			buildPhases = (
				1905B70629A9CD57004682FB /* Sources */,
				1905B70729A9CD57004682FB /* Frameworks */,
				1905B70829A9CD57004682FB /* Resources */,
				1905B72329A9CF01004682FB /* Embed Frameworks */,
			);
			buildRules = (
			);
			dependencies = (
				1905B72229A9CF01004682FB /* PBXTargetDependency */,
			);
			name = "RichTextField-Sample";
			productName = "RichTextField-Sample";
			productReference = 1905B70A29A9CD57004682FB /* RichTextField-Sample.app */;
			productType = "com.apple.product-type.application";
		};
/* End PBXNativeTarget section */

/* Begin PBXProject section */
		1905B6E329A9CB61004682FB /* Project object */ = {
			isa = PBXProject;
			attributes = {
				BuildIndependentTargetsInParallel = 1;
				LastSwiftUpdateCheck = 1420;
				LastUpgradeCheck = 1420;
				TargetAttributes = {
					1905B6EB29A9CB61004682FB = {
						CreatedOnToolsVersion = 14.2;
					};
					1905B6F529A9CB61004682FB = {
						CreatedOnToolsVersion = 14.2;
					};
					1905B70929A9CD57004682FB = {
						CreatedOnToolsVersion = 14.2;
					};
				};
			};
			buildConfigurationList = 1905B6E629A9CB61004682FB /* Build configuration list for PBXProject "RichTextField" */;
			compatibilityVersion = "Xcode 14.0";
			developmentRegion = en;
			hasScannedForEncodings = 0;
			knownRegions = (
				en,
				Base,
			);
			mainGroup = 1905B6E229A9CB61004682FB;
			productRefGroup = 1905B6ED29A9CB61004682FB /* Products */;
			projectDirPath = "";
			projectRoot = "";
			targets = (
				1905B6EB29A9CB61004682FB /* RichTextField */,
				1905B6F529A9CB61004682FB /* RichTextFieldTests */,
				1905B70929A9CD57004682FB /* RichTextField-Sample */,
			);
		};
/* End PBXProject section */

/* Begin PBXResourcesBuildPhase section */
		1905B6EA29A9CB61004682FB /* Resources */ = {
			isa = PBXResourcesBuildPhase;
			buildActionMask = 2147483647;
			files = (
			);
			runOnlyForDeploymentPostprocessing = 0;
		};
		1905B6F429A9CB61004682FB /* Resources */ = {
			isa = PBXResourcesBuildPhase;
			buildActionMask = 2147483647;
			files = (
			);
			runOnlyForDeploymentPostprocessing = 0;
		};
		1905B70829A9CD57004682FB /* Resources */ = {
			isa = PBXResourcesBuildPhase;
			buildActionMask = 2147483647;
			files = (
				1905B71929A9CD58004682FB /* LaunchScreen.storyboard in Resources */,
				1905B71629A9CD58004682FB /* Assets.xcassets in Resources */,
			);
			runOnlyForDeploymentPostprocessing = 0;
		};
/* End PBXResourcesBuildPhase section */

/* Begin PBXSourcesBuildPhase section */
		1905B6E829A9CB61004682FB /* Sources */ = {
			isa = PBXSourcesBuildPhase;
			buildActionMask = 2147483647;
			files = (
				1905B72929A9D168004682FB /* PasswordCheckerTextFieldPreviews.swift in Sources */,
				1905B72629A9CF81004682FB /* PasswordCheckerTextField.swift in Sources */,
				1905B6F129A9CB61004682FB /* RichTextField.docc in Sources */,
			);
			runOnlyForDeploymentPostprocessing = 0;
		};
		1905B6F229A9CB61004682FB /* Sources */ = {
			isa = PBXSourcesBuildPhase;
			buildActionMask = 2147483647;
			files = (
				1905B6FC29A9CB61004682FB /* RichTextFieldTests.swift in Sources */,
			);
			runOnlyForDeploymentPostprocessing = 0;
		};
		1905B70629A9CD57004682FB /* Sources */ = {
			isa = PBXSourcesBuildPhase;
			buildActionMask = 2147483647;
			files = (
				1905B71129A9CD57004682FB /* ViewController.swift in Sources */,
				1905B70D29A9CD57004682FB /* AppDelegate.swift in Sources */,
				1905B70F29A9CD57004682FB /* SceneDelegate.swift in Sources */,
			);
			runOnlyForDeploymentPostprocessing = 0;
		};
/* End PBXSourcesBuildPhase section */

/* Begin PBXTargetDependency section */
		1905B6F929A9CB61004682FB /* PBXTargetDependency */ = {
			isa = PBXTargetDependency;
			target = 1905B6EB29A9CB61004682FB /* RichTextField */;
			targetProxy = 1905B6F829A9CB61004682FB /* PBXContainerItemProxy */;
		};
		1905B72229A9CF01004682FB /* PBXTargetDependency */ = {
			isa = PBXTargetDependency;
			target = 1905B6EB29A9CB61004682FB /* RichTextField */;
			targetProxy = 1905B72129A9CF01004682FB /* PBXContainerItemProxy */;
		};
/* End PBXTargetDependency section */

/* Begin PBXVariantGroup section */
		1905B71729A9CD58004682FB /* LaunchScreen.storyboard */ = {
			isa = PBXVariantGroup;
			children = (
				1905B71829A9CD58004682FB /* Base */,
			);
			name = LaunchScreen.storyboard;
			sourceTree = "<group>";
		};
/* End PBXVariantGroup section */

/* Begin XCBuildConfiguration section */
		1905B6FE29A9CB61004682FB /* Debug */ = {
			isa = XCBuildConfiguration;
			buildSettings = {
				ALWAYS_SEARCH_USER_PATHS = NO;
				CLANG_ANALYZER_NONNULL = YES;
				CLANG_ANALYZER_NUMBER_OBJECT_CONVERSION = YES_AGGRESSIVE;
				CLANG_CXX_LANGUAGE_STANDARD = "gnu++20";
				CLANG_ENABLE_MODULES = YES;
				CLANG_ENABLE_OBJC_ARC = YES;
				CLANG_ENABLE_OBJC_WEAK = YES;
				CLANG_WARN_BLOCK_CAPTURE_AUTORELEASING = YES;
				CLANG_WARN_BOOL_CONVERSION = YES;
				CLANG_WARN_COMMA = YES;
				CLANG_WARN_CONSTANT_CONVERSION = YES;
				CLANG_WARN_DEPRECATED_OBJC_IMPLEMENTATIONS = YES;
				CLANG_WARN_DIRECT_OBJC_ISA_USAGE = YES_ERROR;
				CLANG_WARN_DOCUMENTATION_COMMENTS = YES;
				CLANG_WARN_EMPTY_BODY = YES;
				CLANG_WARN_ENUM_CONVERSION = YES;
				CLANG_WARN_INFINITE_RECURSION = YES;
				CLANG_WARN_INT_CONVERSION = YES;
				CLANG_WARN_NON_LITERAL_NULL_CONVERSION = YES;
				CLANG_WARN_OBJC_IMPLICIT_RETAIN_SELF = YES;
				CLANG_WARN_OBJC_LITERAL_CONVERSION = YES;
				CLANG_WARN_OBJC_ROOT_CLASS = YES_ERROR;
				CLANG_WARN_QUOTED_INCLUDE_IN_FRAMEWORK_HEADER = YES;
				CLANG_WARN_RANGE_LOOP_ANALYSIS = YES;
				CLANG_WARN_STRICT_PROTOTYPES = YES;
				CLANG_WARN_SUSPICIOUS_MOVE = YES;
				CLANG_WARN_UNGUARDED_AVAILABILITY = YES_AGGRESSIVE;
				CLANG_WARN_UNREACHABLE_CODE = YES;
				CLANG_WARN__DUPLICATE_METHOD_MATCH = YES;
				COPY_PHASE_STRIP = NO;
				CURRENT_PROJECT_VERSION = 1;
				DEBUG_INFORMATION_FORMAT = dwarf;
				ENABLE_STRICT_OBJC_MSGSEND = YES;
				ENABLE_TESTABILITY = YES;
				GCC_C_LANGUAGE_STANDARD = gnu11;
				GCC_DYNAMIC_NO_PIC = NO;
				GCC_NO_COMMON_BLOCKS = YES;
				GCC_OPTIMIZATION_LEVEL = 0;
				GCC_PREPROCESSOR_DEFINITIONS = (
					"DEBUG=1",
					"$(inherited)",
				);
				GCC_WARN_64_TO_32_BIT_CONVERSION = YES;
				GCC_WARN_ABOUT_RETURN_TYPE = YES_ERROR;
				GCC_WARN_UNDECLARED_SELECTOR = YES;
				GCC_WARN_UNINITIALIZED_AUTOS = YES_AGGRESSIVE;
				GCC_WARN_UNUSED_FUNCTION = YES;
				GCC_WARN_UNUSED_VARIABLE = YES;
				IPHONEOS_DEPLOYMENT_TARGET = 16.2;
				MTL_ENABLE_DEBUG_INFO = INCLUDE_SOURCE;
				MTL_FAST_MATH = YES;
				ONLY_ACTIVE_ARCH = YES;
				SDKROOT = iphoneos;
				SWIFT_ACTIVE_COMPILATION_CONDITIONS = DEBUG;
				SWIFT_OPTIMIZATION_LEVEL = "-Onone";
				VERSIONING_SYSTEM = "apple-generic";
				VERSION_INFO_PREFIX = "";
			};
			name = Debug;
		};
		1905B6FF29A9CB61004682FB /* Release */ = {
			isa = XCBuildConfiguration;
			buildSettings = {
				ALWAYS_SEARCH_USER_PATHS = NO;
				CLANG_ANALYZER_NONNULL = YES;
				CLANG_ANALYZER_NUMBER_OBJECT_CONVERSION = YES_AGGRESSIVE;
				CLANG_CXX_LANGUAGE_STANDARD = "gnu++20";
				CLANG_ENABLE_MODULES = YES;
				CLANG_ENABLE_OBJC_ARC = YES;
				CLANG_ENABLE_OBJC_WEAK = YES;
				CLANG_WARN_BLOCK_CAPTURE_AUTORELEASING = YES;
				CLANG_WARN_BOOL_CONVERSION = YES;
				CLANG_WARN_COMMA = YES;
				CLANG_WARN_CONSTANT_CONVERSION = YES;
				CLANG_WARN_DEPRECATED_OBJC_IMPLEMENTATIONS = YES;
				CLANG_WARN_DIRECT_OBJC_ISA_USAGE = YES_ERROR;
				CLANG_WARN_DOCUMENTATION_COMMENTS = YES;
				CLANG_WARN_EMPTY_BODY = YES;
				CLANG_WARN_ENUM_CONVERSION = YES;
				CLANG_WARN_INFINITE_RECURSION = YES;
				CLANG_WARN_INT_CONVERSION = YES;
				CLANG_WARN_NON_LITERAL_NULL_CONVERSION = YES;
				CLANG_WARN_OBJC_IMPLICIT_RETAIN_SELF = YES;
				CLANG_WARN_OBJC_LITERAL_CONVERSION = YES;
				CLANG_WARN_OBJC_ROOT_CLASS = YES_ERROR;
				CLANG_WARN_QUOTED_INCLUDE_IN_FRAMEWORK_HEADER = YES;
				CLANG_WARN_RANGE_LOOP_ANALYSIS = YES;
				CLANG_WARN_STRICT_PROTOTYPES = YES;
				CLANG_WARN_SUSPICIOUS_MOVE = YES;
				CLANG_WARN_UNGUARDED_AVAILABILITY = YES_AGGRESSIVE;
				CLANG_WARN_UNREACHABLE_CODE = YES;
				CLANG_WARN__DUPLICATE_METHOD_MATCH = YES;
				COPY_PHASE_STRIP = NO;
				CURRENT_PROJECT_VERSION = 1;
				DEBUG_INFORMATION_FORMAT = "dwarf-with-dsym";
				ENABLE_NS_ASSERTIONS = NO;
				ENABLE_STRICT_OBJC_MSGSEND = YES;
				GCC_C_LANGUAGE_STANDARD = gnu11;
				GCC_NO_COMMON_BLOCKS = YES;
				GCC_WARN_64_TO_32_BIT_CONVERSION = YES;
				GCC_WARN_ABOUT_RETURN_TYPE = YES_ERROR;
				GCC_WARN_UNDECLARED_SELECTOR = YES;
				GCC_WARN_UNINITIALIZED_AUTOS = YES_AGGRESSIVE;
				GCC_WARN_UNUSED_FUNCTION = YES;
				GCC_WARN_UNUSED_VARIABLE = YES;
				IPHONEOS_DEPLOYMENT_TARGET = 16.2;
				MTL_ENABLE_DEBUG_INFO = NO;
				MTL_FAST_MATH = YES;
				SDKROOT = iphoneos;
				SWIFT_COMPILATION_MODE = wholemodule;
				SWIFT_OPTIMIZATION_LEVEL = "-O";
				VALIDATE_PRODUCT = YES;
				VERSIONING_SYSTEM = "apple-generic";
				VERSION_INFO_PREFIX = "";
			};
			name = Release;
		};
		1905B70129A9CB61004682FB /* Debug */ = {
			isa = XCBuildConfiguration;
			buildSettings = {
				CODE_SIGN_STYLE = Automatic;
				CURRENT_PROJECT_VERSION = 1;
				DEFINES_MODULE = YES;
				DEVELOPMENT_TEAM = 56787CM63P;
				DYLIB_COMPATIBILITY_VERSION = 1;
				DYLIB_CURRENT_VERSION = 1;
				DYLIB_INSTALL_NAME_BASE = "@rpath";
				GENERATE_INFOPLIST_FILE = YES;
				INFOPLIST_KEY_NSHumanReadableCopyright = "";
				INSTALL_PATH = "$(LOCAL_LIBRARY_DIR)/Frameworks";
				IPHONEOS_DEPLOYMENT_TARGET = 13.0;
				LD_RUNPATH_SEARCH_PATHS = (
					"$(inherited)",
					"@executable_path/Frameworks",
					"@loader_path/Frameworks",
				);
				MARKETING_VERSION = 1.0;
				PRODUCT_BUNDLE_IDENTIFIER = com.tosh7.RichTextField;
				PRODUCT_NAME = "$(TARGET_NAME:c99extidentifier)";
				SKIP_INSTALL = YES;
				SWIFT_EMIT_LOC_STRINGS = YES;
				SWIFT_VERSION = 5.0;
				TARGETED_DEVICE_FAMILY = "1,2";
			};
			name = Debug;
		};
		1905B70229A9CB61004682FB /* Release */ = {
			isa = XCBuildConfiguration;
			buildSettings = {
				CODE_SIGN_STYLE = Automatic;
				CURRENT_PROJECT_VERSION = 1;
				DEFINES_MODULE = YES;
				DEVELOPMENT_TEAM = 56787CM63P;
				DYLIB_COMPATIBILITY_VERSION = 1;
				DYLIB_CURRENT_VERSION = 1;
				DYLIB_INSTALL_NAME_BASE = "@rpath";
				GENERATE_INFOPLIST_FILE = YES;
				INFOPLIST_KEY_NSHumanReadableCopyright = "";
				INSTALL_PATH = "$(LOCAL_LIBRARY_DIR)/Frameworks";
				IPHONEOS_DEPLOYMENT_TARGET = 13.0;
				LD_RUNPATH_SEARCH_PATHS = (
					"$(inherited)",
					"@executable_path/Frameworks",
					"@loader_path/Frameworks",
				);
				MARKETING_VERSION = 1.0;
				PRODUCT_BUNDLE_IDENTIFIER = com.tosh7.RichTextField;
				PRODUCT_NAME = "$(TARGET_NAME:c99extidentifier)";
				SKIP_INSTALL = YES;
				SWIFT_EMIT_LOC_STRINGS = YES;
				SWIFT_VERSION = 5.0;
				TARGETED_DEVICE_FAMILY = "1,2";
			};
			name = Release;
		};
		1905B70429A9CB61004682FB /* Debug */ = {
			isa = XCBuildConfiguration;
			buildSettings = {
				ALWAYS_EMBED_SWIFT_STANDARD_LIBRARIES = YES;
				CODE_SIGN_STYLE = Automatic;
				CURRENT_PROJECT_VERSION = 1;
				DEVELOPMENT_TEAM = 56787CM63P;
				GENERATE_INFOPLIST_FILE = YES;
				IPHONEOS_DEPLOYMENT_TARGET = 13.0;
				MARKETING_VERSION = 1.0;
				PRODUCT_BUNDLE_IDENTIFIER = com.tosh7.RichTextFieldTests;
				PRODUCT_NAME = "$(TARGET_NAME)";
				SWIFT_EMIT_LOC_STRINGS = NO;
				SWIFT_VERSION = 5.0;
				TARGETED_DEVICE_FAMILY = "1,2";
			};
			name = Debug;
		};
		1905B70529A9CB61004682FB /* Release */ = {
			isa = XCBuildConfiguration;
			buildSettings = {
				ALWAYS_EMBED_SWIFT_STANDARD_LIBRARIES = YES;
				CODE_SIGN_STYLE = Automatic;
				CURRENT_PROJECT_VERSION = 1;
				DEVELOPMENT_TEAM = 56787CM63P;
				GENERATE_INFOPLIST_FILE = YES;
				IPHONEOS_DEPLOYMENT_TARGET = 13.0;
				MARKETING_VERSION = 1.0;
				PRODUCT_BUNDLE_IDENTIFIER = com.tosh7.RichTextFieldTests;
				PRODUCT_NAME = "$(TARGET_NAME)";
				SWIFT_EMIT_LOC_STRINGS = NO;
				SWIFT_VERSION = 5.0;
				TARGETED_DEVICE_FAMILY = "1,2";
			};
			name = Release;
		};
		1905B71C29A9CD58004682FB /* Debug */ = {
			isa = XCBuildConfiguration;
			buildSettings = {
				ALWAYS_EMBED_SWIFT_STANDARD_LIBRARIES = YES;
				ASSETCATALOG_COMPILER_APPICON_NAME = AppIcon;
				ASSETCATALOG_COMPILER_GLOBAL_ACCENT_COLOR_NAME = AccentColor;
				CODE_SIGN_STYLE = Automatic;
				CURRENT_PROJECT_VERSION = 1;
				DEVELOPMENT_TEAM = 56787CM63P;
				GENERATE_INFOPLIST_FILE = YES;
				INFOPLIST_FILE = "RichTextField-Sample/Info.plist";
				INFOPLIST_KEY_UIApplicationSupportsIndirectInputEvents = YES;
				INFOPLIST_KEY_UILaunchStoryboardName = LaunchScreen;
				INFOPLIST_KEY_UISupportedInterfaceOrientations = UIInterfaceOrientationPortrait;
				IPHONEOS_DEPLOYMENT_TARGET = 13.0;
				LD_RUNPATH_SEARCH_PATHS = (
					"$(inherited)",
					"@executable_path/Frameworks",
				);
				MARKETING_VERSION = 1.0.0;
				PRODUCT_BUNDLE_IDENTIFIER = "com.tosh7.RichTextField-Sample";
				PRODUCT_NAME = "$(TARGET_NAME)";
				SWIFT_EMIT_LOC_STRINGS = YES;
				SWIFT_VERSION = 5.0;
				TARGETED_DEVICE_FAMILY = "1,2";
			};
			name = Debug;
		};
		1905B71D29A9CD58004682FB /* Release */ = {
			isa = XCBuildConfiguration;
			buildSettings = {
				ALWAYS_EMBED_SWIFT_STANDARD_LIBRARIES = YES;
				ASSETCATALOG_COMPILER_APPICON_NAME = AppIcon;
				ASSETCATALOG_COMPILER_GLOBAL_ACCENT_COLOR_NAME = AccentColor;
				CODE_SIGN_STYLE = Automatic;
				CURRENT_PROJECT_VERSION = 1;
				DEVELOPMENT_TEAM = 56787CM63P;
				GENERATE_INFOPLIST_FILE = YES;
				INFOPLIST_FILE = "RichTextField-Sample/Info.plist";
				INFOPLIST_KEY_UIApplicationSupportsIndirectInputEvents = YES;
				INFOPLIST_KEY_UILaunchStoryboardName = LaunchScreen;
				INFOPLIST_KEY_UISupportedInterfaceOrientations = UIInterfaceOrientationPortrait;
				IPHONEOS_DEPLOYMENT_TARGET = 13.0;
				LD_RUNPATH_SEARCH_PATHS = (
					"$(inherited)",
					"@executable_path/Frameworks",
				);
				MARKETING_VERSION = 1.0.0;
				PRODUCT_BUNDLE_IDENTIFIER = "com.tosh7.RichTextField-Sample";
				PRODUCT_NAME = "$(TARGET_NAME)";
				SWIFT_EMIT_LOC_STRINGS = YES;
				SWIFT_VERSION = 5.0;
				TARGETED_DEVICE_FAMILY = "1,2";
			};
			name = Release;
		};
/* End XCBuildConfiguration section */

/* Begin XCConfigurationList section */
		1905B6E629A9CB61004682FB /* Build configuration list for PBXProject "RichTextField" */ = {
			isa = XCConfigurationList;
			buildConfigurations = (
				1905B6FE29A9CB61004682FB /* Debug */,
				1905B6FF29A9CB61004682FB /* Release */,
			);
			defaultConfigurationIsVisible = 0;
			defaultConfigurationName = Release;
		};
		1905B70029A9CB61004682FB /* Build configuration list for PBXNativeTarget "RichTextField" */ = {
			isa = XCConfigurationList;
			buildConfigurations = (
				1905B70129A9CB61004682FB /* Debug */,
				1905B70229A9CB61004682FB /* Release */,
			);
			defaultConfigurationIsVisible = 0;
			defaultConfigurationName = Release;
		};
		1905B70329A9CB61004682FB /* Build configuration list for PBXNativeTarget "RichTextFieldTests" */ = {
			isa = XCConfigurationList;
			buildConfigurations = (
				1905B70429A9CB61004682FB /* Debug */,
				1905B70529A9CB61004682FB /* Release */,
			);
			defaultConfigurationIsVisible = 0;
			defaultConfigurationName = Release;
		};
		1905B71B29A9CD58004682FB /* Build configuration list for PBXNativeTarget "RichTextField-Sample" */ = {
			isa = XCConfigurationList;
			buildConfigurations = (
				1905B71C29A9CD58004682FB /* Debug */,
				1905B71D29A9CD58004682FB /* Release */,
			);
			defaultConfigurationIsVisible = 0;
			defaultConfigurationName = Release;
		};
/* End XCConfigurationList section */
	};
	rootObject = 1905B6E329A9CB61004682FB /* Project object */;
}
